
Microsoft Visual Studio Solution File, Format Version 12.00
# Visual Studio Version 17
VisualStudioVersion = 17.3.32929.385
MinimumVisualStudioVersion = 10.0.40219.1
Project("{2150E333-8FDC-42A3-9474-1A3956D46DE8}") = "src", "src", "{75B5B46A-37B4-44F1-9B63-DABF0BDB3BFD}"
EndProject
Project("{2150E333-8FDC-42A3-9474-1A3956D46DE8}") = "Web", "Web", "{E7DFA445-0059-46FF-AC3C-E1A6A45333B1}"
EndProject
Project("{9A19103F-16F7-4668-BE54-9A1E7A4F7556}") = "MarketplaceSI", "Web\MarketplaceSI\MarketplaceSI.csproj", "{6281800E-4EF5-47DA-8195-8AAB02F1F956}"
EndProject
Project("{2150E333-8FDC-42A3-9474-1A3956D46DE8}") = "Core", "Core", "{B747B79F-EAF6-4C37-A133-AF60127A4ABF}"
EndProject
Project("{9A19103F-16F7-4668-BE54-9A1E7A4F7556}") = "Domain", "Core\Domain\Domain.csproj", "{DD39619F-4C1E-48F8-988D-F9FA9F4C3A0A}"
EndProject
Project("{9A19103F-16F7-4668-BE54-9A1E7A4F7556}") = "Dto", "Core\Dto\Dto.csproj", "{5EB63329-0B4A-4EBD-BB20-477E44A68745}"
EndProject
Project("{9A19103F-16F7-4668-BE54-9A1E7A4F7556}") = "Infrastructure", "Core\Infrastructure\Infrastructure.csproj", "{7A134096-89B2-4FDE-842C-AB1028311854}"
EndProject
Project("{9A19103F-16F7-4668-BE54-9A1E7A4F7556}") = "Kernel", "Core\Kernel\Kernel.csproj", "{38D776CD-4BC0-4C5E-903D-0B0427955166}"
EndProject
Project("{FAE04EC0-301F-11D3-BF4B-00C04F79EFBC}") = "Migrations", "Core\Migrations\Migrations.csproj", "{76B45977-6D9C-43FD-AFD4-DC2C1A2CB4E3}"
EndProject
Global
	GlobalSection(SolutionConfigurationPlatforms) = preSolution
		Debug|Any CPU = Debug|Any CPU
		Release|Any CPU = Release|Any CPU
	EndGlobalSection
	GlobalSection(ProjectConfigurationPlatforms) = postSolution
		{6281800E-4EF5-47DA-8195-8AAB02F1F956}.Debug|Any CPU.ActiveCfg = Debug|Any CPU
		{6281800E-4EF5-47DA-8195-8AAB02F1F956}.Debug|Any CPU.Build.0 = Debug|Any CPU
		{6281800E-4EF5-47DA-8195-8AAB02F1F956}.Release|Any CPU.ActiveCfg = Release|Any CPU
		{6281800E-4EF5-47DA-8195-8AAB02F1F956}.Release|Any CPU.Build.0 = Release|Any CPU
		{DD39619F-4C1E-48F8-988D-F9FA9F4C3A0A}.Debug|Any CPU.ActiveCfg = Debug|Any CPU
		{DD39619F-4C1E-48F8-988D-F9FA9F4C3A0A}.Debug|Any CPU.Build.0 = Debug|Any CPU
		{DD39619F-4C1E-48F8-988D-F9FA9F4C3A0A}.Release|Any CPU.ActiveCfg = Release|Any CPU
		{DD39619F-4C1E-48F8-988D-F9FA9F4C3A0A}.Release|Any CPU.Build.0 = Release|Any CPU
		{5EB63329-0B4A-4EBD-BB20-477E44A68745}.Debug|Any CPU.ActiveCfg = Debug|Any CPU
		{5EB63329-0B4A-4EBD-BB20-477E44A68745}.Debug|Any CPU.Build.0 = Debug|Any CPU
		{5EB63329-0B4A-4EBD-BB20-477E44A68745}.Release|Any CPU.ActiveCfg = Release|Any CPU
		{5EB63329-0B4A-4EBD-BB20-477E44A68745}.Release|Any CPU.Build.0 = Release|Any CPU
		{7A134096-89B2-4FDE-842C-AB1028311854}.Debug|Any CPU.ActiveCfg = Debug|Any CPU
		{7A134096-89B2-4FDE-842C-AB1028311854}.Debug|Any CPU.Build.0 = Debug|Any CPU
		{7A134096-89B2-4FDE-842C-AB1028311854}.Release|Any CPU.ActiveCfg = Release|Any CPU
		{7A134096-89B2-4FDE-842C-AB1028311854}.Release|Any CPU.Build.0 = Release|Any CPU
		{38D776CD-4BC0-4C5E-903D-0B0427955166}.Debug|Any CPU.ActiveCfg = Debug|Any CPU
		{38D776CD-4BC0-4C5E-903D-0B0427955166}.Debug|Any CPU.Build.0 = Debug|Any CPU
		{38D776CD-4BC0-4C5E-903D-0B0427955166}.Release|Any CPU.ActiveCfg = Release|Any CPU
		{38D776CD-4BC0-4C5E-903D-0B0427955166}.Release|Any CPU.Build.0 = Release|Any CPU
		{76B45977-6D9C-43FD-AFD4-DC2C1A2CB4E3}.Debug|Any CPU.ActiveCfg = Debug|Any CPU
		{76B45977-6D9C-43FD-AFD4-DC2C1A2CB4E3}.Debug|Any CPU.Build.0 = Debug|Any CPU
		{76B45977-6D9C-43FD-AFD4-DC2C1A2CB4E3}.Release|Any CPU.ActiveCfg = Release|Any CPU
		{76B45977-6D9C-43FD-AFD4-DC2C1A2CB4E3}.Release|Any CPU.Build.0 = Release|Any CPU
	EndGlobalSection
	GlobalSection(SolutionProperties) = preSolution
		HideSolutionNode = FALSE
	EndGlobalSection
	GlobalSection(NestedProjects) = preSolution
		{E7DFA445-0059-46FF-AC3C-E1A6A45333B1} = {75B5B46A-37B4-44F1-9B63-DABF0BDB3BFD}
		{6281800E-4EF5-47DA-8195-8AAB02F1F956} = {E7DFA445-0059-46FF-AC3C-E1A6A45333B1}
		{B747B79F-EAF6-4C37-A133-AF60127A4ABF} = {75B5B46A-37B4-44F1-9B63-DABF0BDB3BFD}
		{DD39619F-4C1E-48F8-988D-F9FA9F4C3A0A} = {B747B79F-EAF6-4C37-A133-AF60127A4ABF}
		{5EB63329-0B4A-4EBD-BB20-477E44A68745} = {B747B79F-EAF6-4C37-A133-AF60127A4ABF}
		{7A134096-89B2-4FDE-842C-AB1028311854} = {B747B79F-EAF6-4C37-A133-AF60127A4ABF}
		{38D776CD-4BC0-4C5E-903D-0B0427955166} = {B747B79F-EAF6-4C37-A133-AF60127A4ABF}
		{76B45977-6D9C-43FD-AFD4-DC2C1A2CB4E3} = {B747B79F-EAF6-4C37-A133-AF60127A4ABF}
	EndGlobalSection
	GlobalSection(ExtensibilityGlobals) = postSolution
		SolutionGuid = {DB3476BC-870B-4E27-8BF1-9B89E1C92DB2}
	EndGlobalSection
EndGlobal
